<?xml version="1.0" encoding="utf-8"?>
<Project ToolsVersion="4.0" xmlns="http://schemas.microsoft.com/developer/msbuild/2003">
  <ItemGroup>
    <Filter Include="Source files">
      <UniqueIdentifier>{4FC737F1-C7A5-4376-A066-2A32D752A2FF}</UniqueIdentifier>
      <Extensions>cpp;c;cc;cxx;c++;cppm;ixx;def;odl;idl;hpj;bat;asm;asmx</Extensions>
    </Filter>
    <Filter Include="Header files">
      <UniqueIdentifier>{93995380-89BD-4b04-88EB-625FBE52EBFB}</UniqueIdentifier>
      <Extensions>h;hh;hpp;hxx;h++;hm;inl;inc;ipp;xsd</Extensions>
    </Filter>
    <Filter Include="Resources">
      <UniqueIdentifier>{67DA6AB6-F800-4c08-8B7A-83BB121AAD01}</UniqueIdentifier>
      <Extensions>rc;ico;cur;bmp;dlg;rc2;rct;bin;rgs;gif;jpg;jpeg;jpe;resx;tiff;tif;png;wav;mfcribbon-ms</Extensions>
    </Filter>
  </ItemGroup>
  <ItemGroup>
    <ClInclude Include="framework.h">
      <Filter>Header files</Filter>
    </ClInclude>
    <ClInclude Include="DeviceController.h">
      <Filter>Header files</Filter>
    </ClInclude>
    <ClInclude Include="DeviceDiagnostic.h">
      <Filter>Header files</Filter>
    </ClInclude>
    <ClInclude Include="DeviceEnumerator.h">
      <Filter>Header files</Filter>
    </ClInclude>
    <ClInclude Include="DeviceInfo.h">
      <Filter>Header files</Filter>
    </ClInclude>
    <ClInclude Include="DeviceManagerLib.h">
      <Filter>Header files</Filter>
    </ClInclude>
    <ClInclude Include="DeviceManagerLibGlobal.h">
      <Filter>Header files</Filter>
    </ClInclude>
    <ClInclude Include="DeviceTreeNode.h">
      <Filter>Header files</Filter>
    </ClInclude>
    <ClInclude Include="pch.h">
      <Filter>Header files</Filter>
    </ClInclude>
    <ClInclude Include="PerformanceMonitor.h">
      <Filter>Header files</Filter>
    </ClInclude>
  </ItemGroup>
  <ItemGroup>
    <ClCompile Include="DeviceController.cpp">
      <Filter>Source files</Filter>
    </ClCompile>
    <ClCompile Include="DeviceDiagnostic.cpp">
      <Filter>Source files</Filter>
    </ClCompile>
    <ClCompile Include="DeviceEnumerator.cpp">
      <Filter>Source files</Filter>
    </ClCompile>
    <ClCompile Include="pch.cpp">
      <Filter>Source files</Filter>
    </ClCompile>
    <ClCompile Include="PerformanceMonitor.cpp">
      <Filter>Source files</Filter>
    </ClCompile>
    <ClCompile Include="DeviceInfo.cpp">
      <Filter>Source files</Filter>
    </ClCompile>
    <ClCompile Include="DeviceTreeNode.cpp">
      <Filter>Source files</Filter>
    </ClCompile>
  </ItemGroup>
</Project>